
Microsoft Visual Studio Solution File, Format Version 12.00
# Visual Studio Version 16
VisualStudioVersion = 16.0.30717.126
MinimumVisualStudioVersion = 10.0.40219.1
Project("{FAE04EC0-301F-11D3-BF4B-00C04F79EFBC}") = "CodingEvents", "CodingEvents.csproj", "{180F1359-67E0-48C1-ACF0-764F837BB938}"
EndProject
Global
	GlobalSection(SolutionConfigurationPlatforms) = preSolution
		Debug|Any CPU = Debug|Any CPU
		Release|Any CPU = Release|Any CPU
	EndGlobalSection
	GlobalSection(ProjectConfigurationPlatforms) = postSolution
		{180F1359-67E0-48C1-ACF0-764F837BB938}.Debug|Any CPU.ActiveCfg = Debug|Any CPU
		{180F1359-67E0-48C1-ACF0-764F837BB938}.Debug|Any CPU.Build.0 = Debug|Any CPU
		{180F1359-67E0-48C1-ACF0-764F837BB938}.Release|Any CPU.ActiveCfg = Release|Any CPU
		{180F1359-67E0-48C1-ACF0-764F837BB938}.Release|Any CPU.Build.0 = Release|Any CPU
	EndGlobalSection
	GlobalSection(SolutionProperties) = preSolution
		HideSolutionNode = FALSE
	EndGlobalSection
	GlobalSection(ExtensibilityGlobals) = postSolution
		SolutionGuid = {B73E9ED8-DE52-472B-8023-57170374630A}
	EndGlobalSection
EndGlobal
